
Microsoft Visual Studio Solution File, Format Version 12.00
Project("{FAE04EC0-301F-11D3-BF4B-00C04F79EFBC}") = "GrpcGreeter", "GrpcGreeter\GrpcGreeter.csproj", "{F791083D-85E6-4A5E-8460-CE7B464CE692}"
EndProject
Project("{FAE04EC0-301F-11D3-BF4B-00C04F79EFBC}") = "GrpcGreeterClient", "GrpcGreeterClient\GrpcGreeterClient.csproj", "{3A5AF634-DBB3-4F38-9ACB-079AA3FAB914}"
EndProject
Global
	GlobalSection(SolutionConfigurationPlatforms) = preSolution
		Debug|Any CPU = Debug|Any CPU
		Release|Any CPU = Release|Any CPU
	EndGlobalSection
	GlobalSection(ProjectConfigurationPlatforms) = postSolution
		{F791083D-85E6-4A5E-8460-CE7B464CE692}.Debug|Any CPU.ActiveCfg = Debug|Any CPU
		{F791083D-85E6-4A5E-8460-CE7B464CE692}.Debug|Any CPU.Build.0 = Debug|Any CPU
		{F791083D-85E6-4A5E-8460-CE7B464CE692}.Release|Any CPU.ActiveCfg = Release|Any CPU
		{F791083D-85E6-4A5E-8460-CE7B464CE692}.Release|Any CPU.Build.0 = Release|Any CPU
		{3A5AF634-DBB3-4F38-9ACB-079AA3FAB914}.Debug|Any CPU.ActiveCfg = Debug|Any CPU
		{3A5AF634-DBB3-4F38-9ACB-079AA3FAB914}.Debug|Any CPU.Build.0 = Debug|Any CPU
		{3A5AF634-DBB3-4F38-9ACB-079AA3FAB914}.Release|Any CPU.ActiveCfg = Release|Any CPU
		{3A5AF634-DBB3-4F38-9ACB-079AA3FAB914}.Release|Any CPU.Build.0 = Release|Any CPU
	EndGlobalSection
EndGlobal
